
Microsoft Visual Studio Solution File, Format Version 12.00
# Visual Studio 2013
VisualStudioVersion = 12.0.30110.0
MinimumVisualStudioVersion = 10.0.40219.1
Project("{FAE04EC0-301F-11D3-BF4B-00C04F79EFBC}") = "VoronoiGenerators", "VoronoiGenerators\VoronoiGenerators.csproj", "{5E8EBEAF-4E2F-4325-8325-81DE81D1FBB8}"
EndProject
Project("{FAE04EC0-301F-11D3-BF4B-00C04F79EFBC}") = "Tests", "Tests\Tests.csproj", "{3B774CDC-6692-4824-ABE4-4C6E1FB146E8}"
EndProject
Project("{2150E333-8FDC-42A3-9474-1A3956D46DE8}") = ".nuget", ".nuget", "{6EA65C9A-B095-4595-95B4-1A25C7EFFB3B}"
	ProjectSection(SolutionItems) = preProject
		.nuget\packages.config = .nuget\packages.config
	EndProjectSection
EndProject
Project("{FAE04EC0-301F-11D3-BF4B-00C04F79EFBC}") = "ConsoleApplication1", "ConsoleApplication1\ConsoleApplication1.csproj", "{516CF868-8C3D-422F-B5BE-5ED2772E87AA}"
EndProject
Global
	GlobalSection(SolutionConfigurationPlatforms) = preSolution
		Debug|Any CPU = Debug|Any CPU
		Release|Any CPU = Release|Any CPU
	EndGlobalSection
	GlobalSection(ProjectConfigurationPlatforms) = postSolution
		{5E8EBEAF-4E2F-4325-8325-81DE81D1FBB8}.Debug|Any CPU.ActiveCfg = Debug|Any CPU
		{5E8EBEAF-4E2F-4325-8325-81DE81D1FBB8}.Debug|Any CPU.Build.0 = Debug|Any CPU
		{5E8EBEAF-4E2F-4325-8325-81DE81D1FBB8}.Release|Any CPU.ActiveCfg = Release|Any CPU
		{5E8EBEAF-4E2F-4325-8325-81DE81D1FBB8}.Release|Any CPU.Build.0 = Release|Any CPU
		{3B774CDC-6692-4824-ABE4-4C6E1FB146E8}.Debug|Any CPU.ActiveCfg = Debug|Any CPU
		{3B774CDC-6692-4824-ABE4-4C6E1FB146E8}.Debug|Any CPU.Build.0 = Debug|Any CPU
		{3B774CDC-6692-4824-ABE4-4C6E1FB146E8}.Release|Any CPU.ActiveCfg = Release|Any CPU
		{3B774CDC-6692-4824-ABE4-4C6E1FB146E8}.Release|Any CPU.Build.0 = Release|Any CPU
		{516CF868-8C3D-422F-B5BE-5ED2772E87AA}.Debug|Any CPU.ActiveCfg = Debug|Any CPU
		{516CF868-8C3D-422F-B5BE-5ED2772E87AA}.Debug|Any CPU.Build.0 = Debug|Any CPU
		{516CF868-8C3D-422F-B5BE-5ED2772E87AA}.Release|Any CPU.ActiveCfg = Release|Any CPU
		{516CF868-8C3D-422F-B5BE-5ED2772E87AA}.Release|Any CPU.Build.0 = Release|Any CPU
	EndGlobalSection
	GlobalSection(SolutionProperties) = preSolution
		HideSolutionNode = FALSE
	EndGlobalSection
EndGlobal
